
Microsoft Visual Studio Solution File, Format Version 12.00
# Visual Studio 15
VisualStudioVersion = 15.0.28010.2026
MinimumVisualStudioVersion = 10.0.40219.1
Project("{FAE04EC0-301F-11D3-BF4B-00C04F79EFBC}") = "Causes.UI.Web", "Causes.UI.Web\Causes.UI.Web.csproj", "{CDC7335D-3D65-4108-892D-F86D3F6F40D7}"
EndProject
Global
	GlobalSection(SolutionConfigurationPlatforms) = preSolution
		Debug|Any CPU = Debug|Any CPU
		Release|Any CPU = Release|Any CPU
	EndGlobalSection
	GlobalSection(ProjectConfigurationPlatforms) = postSolution
		{CDC7335D-3D65-4108-892D-F86D3F6F40D7}.Debug|Any CPU.ActiveCfg = Debug|Any CPU
		{CDC7335D-3D65-4108-892D-F86D3F6F40D7}.Debug|Any CPU.Build.0 = Debug|Any CPU
		{CDC7335D-3D65-4108-892D-F86D3F6F40D7}.Release|Any CPU.ActiveCfg = Release|Any CPU
		{CDC7335D-3D65-4108-892D-F86D3F6F40D7}.Release|Any CPU.Build.0 = Release|Any CPU
	EndGlobalSection
	GlobalSection(SolutionProperties) = preSolution
		HideSolutionNode = FALSE
	EndGlobalSection
	GlobalSection(ExtensibilityGlobals) = postSolution
		SolutionGuid = {15177157-CDE0-4FE1-A39B-489F8DA2B1B7}
	EndGlobalSection
EndGlobal
